
Microsoft Visual Studio Solution File, Format Version 12.00
# Visual Studio 15
VisualStudioVersion = 15.0.27428.2043
MinimumVisualStudioVersion = 10.0.40219.1
Project("{FAE04EC0-301F-11D3-BF4B-00C04F79EFBC}") = "Miner", "Miner\Miner.csproj", "{1B754B70-94B2-4507-B23A-A9CA22D9F38F}"
EndProject
Global
	GlobalSection(SolutionConfigurationPlatforms) = preSolution
		Debug|Any CPU = Debug|Any CPU
		Release|Any CPU = Release|Any CPU
	EndGlobalSection
	GlobalSection(ProjectConfigurationPlatforms) = postSolution
		{1B754B70-94B2-4507-B23A-A9CA22D9F38F}.Debug|Any CPU.ActiveCfg = Debug|Any CPU
		{1B754B70-94B2-4507-B23A-A9CA22D9F38F}.Debug|Any CPU.Build.0 = Debug|Any CPU
		{1B754B70-94B2-4507-B23A-A9CA22D9F38F}.Release|Any CPU.ActiveCfg = Release|Any CPU
		{1B754B70-94B2-4507-B23A-A9CA22D9F38F}.Release|Any CPU.Build.0 = Release|Any CPU
	EndGlobalSection
	GlobalSection(SolutionProperties) = preSolution
		HideSolutionNode = FALSE
	EndGlobalSection
	GlobalSection(ExtensibilityGlobals) = postSolution
		SolutionGuid = {AF0A3C0B-6952-4507-BFD1-AA575DF612BF}
	EndGlobalSection
EndGlobal
